%{
  "hlcid": {:hex, :hlcid, "0.1.0", "4568dd45aca60e6742d0889940c7c2bda3b0a93d4d6d7a6fcbb15cd3cf0aa8cb", [:mix], [{:hlclock, "~> 1.0", [hex: :hlclock, repo: "hexpm", optional: false]}], "hexpm", "5ad6ff9296d093f92241e12e20f77b530b01b63716df4442306c44baec2bbb02"},
  "hlclock": {:hex, :hlclock, "1.0.0", "7a72fc7a20a9382499216227edf97a8b118e21fc3fcad0e81b8d10c616ce1431", [:mix], [], "hexpm", "d3f994336a7fcbc68bf08b14b2101b61e57bef82c032a6e05c1cdc753612c941"},
  "phoenix_pubsub": {:hex, :phoenix_pubsub, "2.0.0", "a1ae76717bb168cdeb10ec9d92d1480fec99e3080f011402c0a2d68d47395ffb", [:mix], [], "hexpm", "c52d948c4f261577b9c6fa804be91884b381a7f8f18450c5045975435350f771"},
}
